Microsoft Visual Studio Solution File, Format Version 12.00
# Visual Studio Version 17
VisualStudioVersion = 17.5.2.0
MinimumVisualStudioVersion = 10.0.40219.1
Project("{2150E333-8FDC-42A3-9474-1A3956D46DE8}") = "backend", "backend", "{1AE8ACA6-933B-BF2A-3671-3E2EAC007D16}"
EndProject
Project("{2150E333-8FDC-42A3-9474-1A3956D46DE8}") = "backend.Tests", "backend.Tests", "{C0C6E044-CB20-653A-D6C2-4CA8FE87111B}"
EndProject
Project("{FAE04EC0-301F-11D3-BF4B-00C04F79EFBC}") = "BackendApi", "backend\BackendApi.csproj", "{3A7C3105-608A-452F-BAA6-4811C2FF9933}"
EndProject
Project("{FAE04EC0-301F-11D3-BF4B-00C04F79EFBC}") = "BackendApi.Tests", "backend.Tests\BackendApi.Tests.csproj", "{A9EC396C-7B18-5BD0-A6A3-E56402BB32DB}"
EndProject
Global
	GlobalSection(SolutionConfigurationPlatforms) = preSolution
		Debug|Any CPU = Debug|Any CPU
		Release|Any CPU = Release|Any CPU
	EndGlobalSection
	GlobalSection(ProjectConfigurationPlatforms) = postSolution
		{3A7C3105-608A-452F-BAA6-4811C2FF9933}.Debug|Any CPU.ActiveCfg = Debug|Any CPU
		{3A7C3105-608A-452F-BAA6-4811C2FF9933}.Debug|Any CPU.Build.0 = Debug|Any CPU
		{3A7C3105-608A-452F-BAA6-4811C2FF9933}.Release|Any CPU.ActiveCfg = Release|Any CPU
		{3A7C3105-608A-452F-BAA6-4811C2FF9933}.Release|Any CPU.Build.0 = Release|Any CPU
		{A9EC396C-7B18-5BD0-A6A3-E56402BB32DB}.Debug|Any CPU.ActiveCfg = Debug|Any CPU
		{A9EC396C-7B18-5BD0-A6A3-E56402BB32DB}.Debug|Any CPU.Build.0 = Debug|Any CPU
		{A9EC396C-7B18-5BD0-A6A3-E56402BB32DB}.Release|Any CPU.ActiveCfg = Release|Any CPU
		{A9EC396C-7B18-5BD0-A6A3-E56402BB32DB}.Release|Any CPU.Build.0 = Release|Any CPU
	EndGlobalSection
	GlobalSection(SolutionProperties) = preSolution
		HideSolutionNode = FALSE
	EndGlobalSection
	GlobalSection(NestedProjects) = preSolution
		{3A7C3105-608A-452F-BAA6-4811C2FF9933} = {1AE8ACA6-933B-BF2A-3671-3E2EAC007D16}
		{A9EC396C-7B18-5BD0-A6A3-E56402BB32DB} = {C0C6E044-CB20-653A-D6C2-4CA8FE87111B}
	EndGlobalSection
	GlobalSection(ExtensibilityGlobals) = postSolution
		SolutionGuid = {57270BEE-BAC1-4DF9-8D48-2D397E373C7F}
	EndGlobalSection
EndGlobal
